
Microsoft Visual Studio Solution File, Format Version 12.00
# Visual Studio Version 16
VisualStudioVersion = 16.0.29326.143
MinimumVisualStudioVersion = 10.0.40219.1
Project("{FAE04EC0-301F-11D3-BF4B-00C04F79EFBC}") = "TwoFactor", "TwoFactor.csproj", "{FA192A02-1FF7-4D12-9146-CFA4374FB20A}"
EndProject
Global
	GlobalSection(SolutionConfigurationPlatforms) = preSolution
		Debug|Any CPU = Debug|Any CPU
		Release|Any CPU = Release|Any CPU
	EndGlobalSection
	GlobalSection(ProjectConfigurationPlatforms) = postSolution
		{FA192A02-1FF7-4D12-9146-CFA4374FB20A}.Debug|Any CPU.ActiveCfg = Debug|Any CPU
		{FA192A02-1FF7-4D12-9146-CFA4374FB20A}.Debug|Any CPU.Build.0 = Debug|Any CPU
		{FA192A02-1FF7-4D12-9146-CFA4374FB20A}.Release|Any CPU.ActiveCfg = Release|Any CPU
		{FA192A02-1FF7-4D12-9146-CFA4374FB20A}.Release|Any CPU.Build.0 = Release|Any CPU
	EndGlobalSection
	GlobalSection(SolutionProperties) = preSolution
		HideSolutionNode = FALSE
	EndGlobalSection
	GlobalSection(ExtensibilityGlobals) = postSolution
		SolutionGuid = {528ED495-E0EB-4A10-831D-9F0927102D95}
	EndGlobalSection
EndGlobal
